{
  "requires": true,
  "lockfileVersion": 1,
  "dependencies": {
    "bulma-extensions": {
      "version": "6.2.4",
      "resolved": "https://registry.npmjs.org/bulma-extensions/-/bulma-extensions-6.2.4.tgz",
      "integrity": "sha512-AaG3/OfGgdx03fQDabLadagATVpBvXXhFjiv7lnOd9DzTHRPC3fjlNL3qnVQ8IFS9t428FvS3lAmBmtfQh7ylA=="
    }
  }
}
